
Microsoft Visual Studio Solution File, Format Version 12.00
# Visual Studio Version 17
VisualStudioVersion = 17.8.34330.188
MinimumVisualStudioVersion = 10.0.40219.1
Project("{9A19103F-16F7-4668-BE54-9A1E7A4F7556}") = "Survey_System", "Survey_System\Survey_System.csproj", "{86EE3489-917D-475E-AB92-038375AC2044}"
EndProject
Project("{FAE04EC0-301F-11D3-BF4B-00C04F79EFBC}") = "SurveySystem_Nunit", "SurveySystem_Nunit\SurveySystem_Nunit.csproj", "{8C9D588F-CFDB-4C0F-9466-D3E98946AC23}"
EndProject
Global
	GlobalSection(SolutionConfigurationPlatforms) = preSolution
		Debug|Any CPU = Debug|Any CPU
		Release|Any CPU = Release|Any CPU
	EndGlobalSection
	GlobalSection(ProjectConfigurationPlatforms) = postSolution
		{86EE3489-917D-475E-AB92-038375AC2044}.Debug|Any CPU.ActiveCfg = Debug|Any CPU
		{86EE3489-917D-475E-AB92-038375AC2044}.Debug|Any CPU.Build.0 = Debug|Any CPU
		{86EE3489-917D-475E-AB92-038375AC2044}.Release|Any CPU.ActiveCfg = Release|Any CPU
		{86EE3489-917D-475E-AB92-038375AC2044}.Release|Any CPU.Build.0 = Release|Any CPU
		{8C9D588F-CFDB-4C0F-9466-D3E98946AC23}.Debug|Any CPU.ActiveCfg = Debug|Any CPU
		{8C9D588F-CFDB-4C0F-9466-D3E98946AC23}.Debug|Any CPU.Build.0 = Debug|Any CPU
		{8C9D588F-CFDB-4C0F-9466-D3E98946AC23}.Release|Any CPU.ActiveCfg = Release|Any CPU
		{8C9D588F-CFDB-4C0F-9466-D3E98946AC23}.Release|Any CPU.Build.0 = Release|Any CPU
	EndGlobalSection
	GlobalSection(SolutionProperties) = preSolution
		HideSolutionNode = FALSE
	EndGlobalSection
	GlobalSection(ExtensibilityGlobals) = postSolution
		SolutionGuid = {33E45847-7C44-498C-A280-EC0EACBA7AB7}
	EndGlobalSection
EndGlobal
